
Microsoft Visual Studio Solution File, Format Version 12.00
# Visual Studio Version 17
VisualStudioVersion = 17.11.35222.181
MinimumVisualStudioVersion = 10.0.40219.1
Project("{FAE04EC0-301F-11D3-BF4B-00C04F79EFBC}") = "Superorganism", "Superorganism\Superorganism.csproj", "{5F36525C-6C31-4157-9080-71567E114CDA}"
EndProject
Project("{FAE04EC0-301F-11D3-BF4B-00C04F79EFBC}") = "ContentPipeline", "ContentPipeline\ContentPipeline.csproj", "{0DE577F7-CC36-4797-8650-C4058FA8A03C}"
EndProject
Global
	GlobalSection(SolutionConfigurationPlatforms) = preSolution
		Debug|Any CPU = Debug|Any CPU
		Release|Any CPU = Release|Any CPU
	EndGlobalSection
	GlobalSection(ProjectConfigurationPlatforms) = postSolution
		{5F36525C-6C31-4157-9080-71567E114CDA}.Debug|Any CPU.ActiveCfg = Debug|Any CPU
		{5F36525C-6C31-4157-9080-71567E114CDA}.Debug|Any CPU.Build.0 = Debug|Any CPU
		{5F36525C-6C31-4157-9080-71567E114CDA}.Release|Any CPU.ActiveCfg = Release|Any CPU
		{5F36525C-6C31-4157-9080-71567E114CDA}.Release|Any CPU.Build.0 = Release|Any CPU
		{0DE577F7-CC36-4797-8650-C4058FA8A03C}.Debug|Any CPU.ActiveCfg = Debug|Any CPU
		{0DE577F7-CC36-4797-8650-C4058FA8A03C}.Debug|Any CPU.Build.0 = Debug|Any CPU
		{0DE577F7-CC36-4797-8650-C4058FA8A03C}.Release|Any CPU.ActiveCfg = Release|Any CPU
		{0DE577F7-CC36-4797-8650-C4058FA8A03C}.Release|Any CPU.Build.0 = Release|Any CPU
	EndGlobalSection
	GlobalSection(SolutionProperties) = preSolution
		HideSolutionNode = FALSE
	EndGlobalSection
	GlobalSection(ExtensibilityGlobals) = postSolution
		SolutionGuid = {F098EFD8-63A5-415A-9A37-C68E3B87E2BB}
	EndGlobalSection
EndGlobal
